
Microsoft Visual Studio Solution File, Format Version 12.00
# Visual Studio Version 17
VisualStudioVersion = 17.4.33213.308
MinimumVisualStudioVersion = 10.0.40219.1
Project("{FAE04EC0-301F-11D3-BF4B-00C04F79EFBC}") = "LabExperiment1", "LabExperiment1\LabExperiment1.csproj", "{756A312B-1326-4C96-8F2F-979ADE8754E2}"
EndProject
Global
	GlobalSection(SolutionConfigurationPlatforms) = preSolution
		Debug|Any CPU = Debug|Any CPU
		Release|Any CPU = Release|Any CPU
	EndGlobalSection
	GlobalSection(ProjectConfigurationPlatforms) = postSolution
		{756A312B-1326-4C96-8F2F-979ADE8754E2}.Debug|Any CPU.ActiveCfg = Debug|Any CPU
		{756A312B-1326-4C96-8F2F-979ADE8754E2}.Debug|Any CPU.Build.0 = Debug|Any CPU
		{756A312B-1326-4C96-8F2F-979ADE8754E2}.Release|Any CPU.ActiveCfg = Release|Any CPU
		{756A312B-1326-4C96-8F2F-979ADE8754E2}.Release|Any CPU.Build.0 = Release|Any CPU
	EndGlobalSection
	GlobalSection(SolutionProperties) = preSolution
		HideSolutionNode = FALSE
	EndGlobalSection
	GlobalSection(ExtensibilityGlobals) = postSolution
		SolutionGuid = {543B62DB-47B1-44F8-8489-59913E6E7CB1}
	EndGlobalSection
EndGlobal
